Microsoft Visual Studio Solution File, Format Version 12.00
# Visual Studio 2013
VisualStudioVersion = 12.0.30723.0
MinimumVisualStudioVersion = 10.0.40219.1
Project("{FAE04EC0-301F-11D3-BF4B-00C04F79EFBC}") = "NumberOCR", "NumberOCR.csproj", "{E132C324-B28D-4333-9462-CC851A1F69CA}"
EndProject
Global
	GlobalSection(SolutionConfigurationPlatforms) = preSolution
		Release|Any CPU = Release|Any CPU
		Debug|Any CPU = Debug|Any CPU
	EndGlobalSection
	GlobalSection(ProjectConfigurationPlatforms) = postSolution
		{E132C324-B28D-4333-9462-CC851A1F69CA}.Release|Any CPU.ActiveCfg = Release|Any CPU
		{E132C324-B28D-4333-9462-CC851A1F69CA}.Release|Any CPU.Build.0 = Release|Any CPU
		{E132C324-B28D-4333-9462-CC851A1F69CA}.Debug|Any CPU.ActiveCfg = Debug|Any CPU
		{E132C324-B28D-4333-9462-CC851A1F69CA}.Debug|Any CPU.Build.0 = Debug|Any CPU
	EndGlobalSection
	GlobalSection(SolutionProperties) = preSolution
		HideSolutionNode = FALSE
	EndGlobalSection
EndGlobal
